
Microsoft Visual Studio Solution File, Format Version 12.00
Project("{FAE04EC0-301F-11D3-BF4B-00C04F79EFBC}") = "Infrastructure", "Infrastructure\Infrastructure.csproj", "{C31ED92E-C2CC-4DFA-8A65-6A9ECA952621}"
EndProject
Project("{FAE04EC0-301F-11D3-BF4B-00C04F79EFBC}") = "Day1", "Day1\Day1.csproj", "{C8D70248-DD72-4222-B432-1C91F5623AA2}"
EndProject
Project("{FAE04EC0-301F-11D3-BF4B-00C04F79EFBC}") = "Day2", "Day2\Day2.csproj", "{C6CB4EEC-2AD8-4813-A3CE-C8B424F18BDB}"
EndProject
Project("{FAE04EC0-301F-11D3-BF4B-00C04F79EFBC}") = "Day3", "Day3\Day3.csproj", "{10569FC8-D60C-415B-9FA4-00A93E99F6DD}"
EndProject
Global
	GlobalSection(SolutionConfigurationPlatforms) = preSolution
		Debug|Any CPU = Debug|Any CPU
		Release|Any CPU = Release|Any CPU
	EndGlobalSection
	GlobalSection(ProjectConfigurationPlatforms) = postSolution
		{C31ED92E-C2CC-4DFA-8A65-6A9ECA952621}.Debug|Any CPU.ActiveCfg = Debug|Any CPU
		{C31ED92E-C2CC-4DFA-8A65-6A9ECA952621}.Debug|Any CPU.Build.0 = Debug|Any CPU
		{C31ED92E-C2CC-4DFA-8A65-6A9ECA952621}.Release|Any CPU.ActiveCfg = Release|Any CPU
		{C31ED92E-C2CC-4DFA-8A65-6A9ECA952621}.Release|Any CPU.Build.0 = Release|Any CPU
		{C8D70248-DD72-4222-B432-1C91F5623AA2}.Debug|Any CPU.ActiveCfg = Debug|Any CPU
		{C8D70248-DD72-4222-B432-1C91F5623AA2}.Debug|Any CPU.Build.0 = Debug|Any CPU
		{C8D70248-DD72-4222-B432-1C91F5623AA2}.Release|Any CPU.ActiveCfg = Release|Any CPU
		{C8D70248-DD72-4222-B432-1C91F5623AA2}.Release|Any CPU.Build.0 = Release|Any CPU
		{C6CB4EEC-2AD8-4813-A3CE-C8B424F18BDB}.Debug|Any CPU.ActiveCfg = Debug|Any CPU
		{C6CB4EEC-2AD8-4813-A3CE-C8B424F18BDB}.Debug|Any CPU.Build.0 = Debug|Any CPU
		{C6CB4EEC-2AD8-4813-A3CE-C8B424F18BDB}.Release|Any CPU.ActiveCfg = Release|Any CPU
		{C6CB4EEC-2AD8-4813-A3CE-C8B424F18BDB}.Release|Any CPU.Build.0 = Release|Any CPU
		{10569FC8-D60C-415B-9FA4-00A93E99F6DD}.Debug|Any CPU.ActiveCfg = Debug|Any CPU
		{10569FC8-D60C-415B-9FA4-00A93E99F6DD}.Debug|Any CPU.Build.0 = Debug|Any CPU
		{10569FC8-D60C-415B-9FA4-00A93E99F6DD}.Release|Any CPU.ActiveCfg = Release|Any CPU
		{10569FC8-D60C-415B-9FA4-00A93E99F6DD}.Release|Any CPU.Build.0 = Release|Any CPU
	EndGlobalSection
EndGlobal
